{
  "name": "deno01",
  "version": "1.0.0",
  "lockfileVersion": 1,
  "requires": true,
  "dependencies": {
    "typescript": {
      "version": "3.8.0-beta",
      "resolved": "https://registry.npmjs.org/typescript/-/typescript-3.8.0-beta.tgz",
      "integrity": "sha512-mQEmQUJg0CQBhf/GSVnGscKv/jrKsrLxE01AhdjYmBNoXX2Iah3i38ufxXByXacK6Fc5Nr9oMz7MjpjgddiknA=="
    }
  }
}
